schema: '2.0'
stages:
  prepare:
    cmd: python -m src.prepare
    deps:
    - path: data/raw/telco_churn.csv
      hash: md5
      md5: 26b9f047a955a4b9660c9673ff385145
      size: 968734
    - path: src/features.py
      hash: md5
      md5: 9e6e4afabee5d29655f7e99719992b80
      size: 810
    - path: src/prepare.py
      hash: md5
      md5: ea548298bc5dce7473713ee6b0e09db7
      size: 1063
    - path: src/utils.py
      hash: md5
      md5: 29b979178d530ff2dc6f2f312352a80e
      size: 1042
    params:
      params.yaml:
        data.raw: data/raw/telco_churn.csv
        seed: 42
        split:
          test_size: 0.2
    outs:
    - path: data/processed/test.csv
      hash: md5
      md5: e8036caed49d43e358e76ad2c30defdd
      size: 178971
    - path: data/processed/train.csv
      hash: md5
      md5: e2d2cec0a705d5a8267651476867a69d
      size: 712212
  train:
    cmd: python -m src.train
    deps:
    - path: data/processed/train.csv
      hash: md5
      md5: e2d2cec0a705d5a8267651476867a69d
      size: 712212
    - path: src/features.py
      hash: md5
      md5: 9e6e4afabee5d29655f7e99719992b80
      size: 810
    - path: src/train.py
      hash: md5
      md5: 0739f5b4e392419a6767c204d670db55
      size: 2656
    - path: src/utils.py
      hash: md5
      md5: 29b979178d530ff2dc6f2f312352a80e
      size: 1042
    params:
      params.yaml:
        seed: 42
        train:
          model: random_forest
          n_estimators: 100
          max_depth: 4
          min_samples_leaf: 1
          C: 1.0
    outs:
    - path: models/model.joblib
      hash: md5
      md5: a90c4508c6ae141d36a1cabf5afd875b
      size: 301979
  evaluate:
    cmd: python -m src.evaluate
    deps:
    - path: data/processed/test.csv
      hash: md5
      md5: e8036caed49d43e358e76ad2c30defdd
      size: 178971
    - path: models/model.joblib
      hash: md5
      md5: a90c4508c6ae141d36a1cabf5afd875b
      size: 301979
    - path: src/evaluate.py
      hash: md5
      md5: 3840ec3fbf76e06e8eb5dffcf59616f2
      size: 1260
    - path: src/features.py
      hash: md5
      md5: 9e6e4afabee5d29655f7e99719992b80
      size: 810
    - path: src/utils.py
      hash: md5
      md5: 29b979178d530ff2dc6f2f312352a80e
      size: 1042
    outs:
    - path: metrics.json
      hash: md5
      md5: 60cba23e3a44bfe98063d3786266755f
      size: 193
